<?xml version="1.0" encoding="utf-8"?>
<Project ToolsVersion="4.0" xmlns="http://schemas.microsoft.com/developer/msbuild/2003">
  <ItemGroup>
    <Filter Include="Source Files">
      <UniqueIdentifier>{4FC737F1-C7A5-4376-A066-2A32D752A2FF}</UniqueIdentifier>
      <Extensions>c;cpp</Extensions>
    </Filter>
    <Filter Include="Header Files">
      <UniqueIdentifier>{93995380-89BD-4B04-88EB-625FBE52EBFB}</UniqueIdentifier>
      <Extensions>h</Extensions>
    </Filter>
    <Filter Include="Resource Files">
      <UniqueIdentifier>{67DA6AB6-F800-4C08-8B7A-83BB121AAD01}</UniqueIdentifier>
      <Extensions>rc</Extensions>
    </Filter>
    <Filter Include="Driver Files">
      <UniqueIdentifier>{C4859AE1-6B7A-4D8C-B08A-DA6C22A3ED8E}</UniqueIdentifier>
      <Extensions>inf</Extensions>
    </Filter>
  </ItemGroup>
  <ItemGroup>
    <ClCompile Include="driver.c">
      <Filter>Source Files</Filter>
    </ClCompile>
    <ClCompile Include="pnp.c">
      <Filter>Source Files</Filter>
    </ClCompile>
    <ClCompile Include="connect.c">
      <Filter>Source Files</Filter>
    </ClCompile>
    <ClCompile Include="dispatch.c">
      <Filter>Source Files</Filter>
    </ClCompile>
    <ClCompile Include="queue.c">
      <Filter>Source Files</Filter>
    </ClCompile>
  </ItemGroup>
  <ItemGroup>
    <ClInclude Include="driver.h">
      <Filter>Header Files</Filter>
    </ClInclude>
    <ClInclude Include="protocol.h">
      <Filter>Header Files</Filter>
    </ClInclude>
  </ItemGroup>
  <ItemGroup>
    <ResourceCompile Include="interceptor-driver.rc">
      <Filter>Resource Files</Filter>
    </ResourceCompile>
  </ItemGroup>
  <ItemGroup>
    <Inf Include="interceptor-driver.inf">
      <Filter>Driver Files</Filter>
    </Inf>
  </ItemGroup>
</Project>
